
Microsoft Visual Studio Solution File, Format Version 12.00
# Visual Studio Version 16
VisualStudioVersion = 16.0.30406.217
MinimumVisualStudioVersion = 10.0.40219.1
Project("{FAE04EC0-301F-11D3-BF4B-00C04F79EFBC}") = "MelBox2Konsole", "MelBox2Konsole\MelBox2Konsole.csproj", "{8C7EF2CE-70BD-436A-A95A-CB8A50D81508}"
EndProject
Project("{FAE04EC0-301F-11D3-BF4B-00C04F79EFBC}") = "GsmBasic", "GsmBasic\GsmBasic.csproj", "{A865372F-47C0-4BED-A776-A8AD445DBCFE}"
EndProject
Global
	GlobalSection(SolutionConfigurationPlatforms) = preSolution
		Debug|Any CPU = Debug|Any CPU
		Release|Any CPU = Release|Any CPU
	EndGlobalSection
	GlobalSection(ProjectConfigurationPlatforms) = postSolution
		{8C7EF2CE-70BD-436A-A95A-CB8A50D81508}.Debug|Any CPU.ActiveCfg = Debug|Any CPU
		{8C7EF2CE-70BD-436A-A95A-CB8A50D81508}.Debug|Any CPU.Build.0 = Debug|Any CPU
		{8C7EF2CE-70BD-436A-A95A-CB8A50D81508}.Release|Any CPU.ActiveCfg = Release|Any CPU
		{8C7EF2CE-70BD-436A-A95A-CB8A50D81508}.Release|Any CPU.Build.0 = Release|Any CPU
		{A865372F-47C0-4BED-A776-A8AD445DBCFE}.Debug|Any CPU.ActiveCfg = Debug|Any CPU
		{A865372F-47C0-4BED-A776-A8AD445DBCFE}.Debug|Any CPU.Build.0 = Debug|Any CPU
		{A865372F-47C0-4BED-A776-A8AD445DBCFE}.Release|Any CPU.ActiveCfg = Release|Any CPU
		{A865372F-47C0-4BED-A776-A8AD445DBCFE}.Release|Any CPU.Build.0 = Release|Any CPU
	EndGlobalSection
	GlobalSection(SolutionProperties) = preSolution
		HideSolutionNode = FALSE
	EndGlobalSection
	GlobalSection(ExtensibilityGlobals) = postSolution
		SolutionGuid = {F8781CC7-BE5C-4678-89AA-F9E646855613}
	EndGlobalSection
EndGlobal
